// !$*UTF8*$!
{
	archiveVersion = 1;
	classes = {
	};
	objectVersion = 46;
	objects = {

/* Begin PBXBuildFile section */
		682CD25B1856D01600BE80B5 /* Foundation.framework in Frameworks */ = {isa = PBXBuildFile; fileRef = 682CD25A1856D01600BE80B5 /* Foundation.framework */; };
		682CD25D1856D01600BE80B5 /* CoreGraphics.framework in Frameworks */ = {isa = PBXBuildFile; fileRef = 682CD25C1856D01600BE80B5 /* CoreGraphics.framework */; };
		682CD25F1856D01600BE80B5 /* UIKit.framework in Frameworks */ = {isa = PBXBuildFile; fileRef = 682CD25E1856D01600BE80B5 /* UIKit.framework */; };
		682CD2651856D01600BE80B5 /* InfoPlist.strings in Resources */ = {isa = PBXBuildFile; fileRef = 682CD2631856D01600BE80B5 /* InfoPlist.strings */; };
		682CD2671856D01600BE80B5 /* main.m in Sources */ = {isa = PBXBuildFile; fileRef = 682CD2661856D01600BE80B5 /* main.m */; };
		682CD26B1856D01600BE80B5 /* AppDelegate.m in Sources */ = {isa = PBXBuildFile; fileRef = 682CD26A1856D01600BE80B5 /* AppDelegate.m */; };
		682CD26E1856D01600BE80B5 /* Main.storyboard in Resources */ = {isa = PBXBuildFile; fileRef = 682CD26C1856D01600BE80B5 /* Main.storyboard */; };
		682CD2711856D01600BE80B5 /* ViewController.m in Sources */ = {isa = PBXBuildFile; fileRef = 682CD2701856D01600BE80B5 /* ViewController.m */; };
		682CD2731856D01600BE80B5 /* Images.xcassets in Resources */ = {isa = PBXBuildFile; fileRef = 682CD2721856D01600BE80B5 /* Images.xcassets */; };
		682CD27A1856D01700BE80B5 /* XCTest.framework in Frameworks */ = {isa = PBXBuildFile; fileRef = 682CD2791856D01700BE80B5 /* XCTest.framework */; };
		682CD27B1856D01700BE80B5 /* Foundation.framework in Frameworks */ = {isa = PBXBuildFile; fileRef = 682CD25A1856D01600BE80B5 /* Foundation.framework */; };
		682CD27C1856D01700BE80B5 /* UIKit.framework in Frameworks */ = {isa = PBXBuildFile; fileRef = 682CD25E1856D01600BE80B5 /* UIKit.framework */; };
		682CD2841856D01700BE80B5 /* InfoPlist.strings in Resources */ = {isa = PBXBuildFile; fileRef = 682CD2821856D01700BE80B5 /* InfoPlist.strings */; };
		682CD2861856D01700BE80B5 /* SampleAppTests.m in Sources */ = {isa = PBXBuildFile; fileRef = 682CD2851856D01700BE80B5 /* SampleAppTests.m */; };
/* End PBXBuildFile section */

/* Begin PBXContainerItemProxy section */
		682CD27D1856D01700BE80B5 /* PBXContainerItemProxy */ = {
			isa = PBXContainerItemProxy;
			containerPortal = 682CD24F1856D01600BE80B5 /* Project object */;
			proxyType = 1;
			remoteGlobalIDString = 682CD2561856D01600BE80B5;
			remoteInfo = SampleApp;
		};
/* End PBXContainerItemProxy section */

/* Begin PBXFileReference section */
		682CD2571856D01600BE80B5 /* SampleApp.app */ = {isa = PBXFileReference; explicitFileType = wrapper.application; includeInIndex = 0; path = SampleApp.app; sourceTree = BUILT_PRODUCTS_DIR; };
		682CD25A1856D01600BE80B5 /* Foundation.framework */ = {isa = PBXFileReference; lastKnownFileType = wrapper.framework; name = Foundation.framework; path = System/Library/Frameworks/Foundation.framework; sourceTree = SDKROOT; };
		682CD25C1856D01600BE80B5 /* CoreGraphics.framework */ = {isa = PBXFileReference; lastKnownFileType = wrapper.framework; name = CoreGraphics.framework; path = System/Library/Frameworks/CoreGraphics.framework; sourceTree = SDKROOT; };
		682CD25E1856D01600BE80B5 /* UIKit.framework */ = {isa = PBXFileReference; lastKnownFileType = wrapper.framework; name = UIKit.framework; path = System/Library/Frameworks/UIKit.framework; sourceTree = SDKROOT; };
		682CD2621856D01600BE80B5 /* SampleApp-Info.plist */ = {isa = PBXFileReference; lastKnownFileType = text.plist.xml; path = "SampleApp-Info.plist"; sourceTree = "<group>"; };
		682CD2641856D01600BE80B5 /* en */ = {isa = PBXFileReference; lastKnownFileType = text.plist.strings; name = en; path = en.lproj/InfoPlist.strings; sourceTree = "<group>"; };
		682CD2661856D01600BE80B5 /* main.m */ = {isa = PBXFileReference; lastKnownFileType = sourcecode.c.objc; path = main.m; sourceTree = "<group>"; };
		682CD2681856D01600BE80B5 /* SampleApp-Prefix.pch */ = {isa = PBXFileReference; lastKnownFileType = sourcecode.c.h; path = "SampleApp-Prefix.pch"; sourceTree = "<group>"; };
		682CD2691856D01600BE80B5 /* AppDelegate.h */ = {isa = PBXFileReference; lastKnownFileType = sourcecode.c.h; path = AppDelegate.h; sourceTree = "<group>"; };
		682CD26A1856D01600BE80B5 /* AppDelegate.m */ = {isa = PBXFileReference; lastKnownFileType = sourcecode.c.objc; path = AppDelegate.m; sourceTree = "<group>"; };
		682CD26D1856D01600BE80B5 /* Base */ = {isa = PBXFileReference; lastKnownFileType = file.storyboard; name = Base; path = Base.lproj/Main.storyboard; sourceTree = "<group>"; };
		682CD26F1856D01600BE80B5 /* ViewController.h */ = {isa = PBXFileReference; lastKnownFileType = sourcecode.c.h; path = ViewController.h; sourceTree = "<group>"; };
		682CD2701856D01600BE80B5 /* ViewController.m */ = {isa = PBXFileReference; lastKnownFileType = sourcecode.c.objc; path = ViewController.m; sourceTree = "<group>"; };
		682CD2721856D01600BE80B5 /* Images.xcassets */ = {isa = PBXFileReference; lastKnownFileType = folder.assetcatalog; path = Images.xcassets; sourceTree = "<group>"; };
		682CD2781856D01700BE80B5 /* SampleAppTests.xctest */ = {isa = PBXFileReference; explicitFileType = wrapper.cfbundle; includeInIndex = 0; path = SampleAppTests.xctest; sourceTree = BUILT_PRODUCTS_DIR; };
		682CD2791856D01700BE80B5 /* XCTest.framework */ = {isa = PBXFileReference; lastKnownFileType = wrapper.framework; name = XCTest.framework; path = Library/Frameworks/XCTest.framework; sourceTree = DEVELOPER_DIR; };
		682CD2811856D01700BE80B5 /* SampleAppTests-Info.plist */ = {isa = PBXFileReference; lastKnownFileType = text.plist.xml; path = "SampleAppTests-Info.plist"; sourceTree = "<group>"; };
		682CD2831856D01700BE80B5 /* en */ = {isa = PBXFileReference; lastKnownFileType = text.plist.strings; name = en; path = en.lproj/InfoPlist.strings; sourceTree = "<group>"; };
		682CD2851856D01700BE80B5 /* SampleAppTests.m */ = {isa = PBXFileReference; lastKnownFileType = sourcecode.c.objc; path = SampleAppTests.m; sourceTree = "<group>"; };
/* End PBXFileReference section */

/* Begin PBXFrameworksBuildPhase section */
		682CD2541856D01600BE80B5 /* Frameworks */ = {
			isa = PBXFrameworksBuildPhase;
			buildActionMask = 2147483647;
			files = (
				682CD25D1856D01600BE80B5 /* CoreGraphics.framework in Frameworks */,
				682CD25F1856D01600BE80B5 /* UIKit.framework in Frameworks */,
				682CD25B1856D01600BE80B5 /* Foundation.framework in Frameworks */,
			);
			runOnlyForDeploymentPostprocessing = 0;
		};
		682CD2751856D01700BE80B5 /* Frameworks */ = {
			isa = PBXFrameworksBuildPhase;
			buildActionMask = 2147483647;
			files = (
				682CD27A1856D01700BE80B5 /* XCTest.framework in Frameworks */,
				682CD27C1856D01700BE80B5 /* UIKit.framework in Frameworks */,
				682CD27B1856D01700BE80B5 /* Foundation.framework in Frameworks */,
			);
			runOnlyForDeploymentPostprocessing = 0;
		};
/* End PBXFrameworksBuildPhase section */

/* Begin PBXGroup section */
		682CD24E1856D01600BE80B5 = {
			isa = PBXGroup;
			children = (
				682CD2601856D01600BE80B5 /* SampleApp */,
				682CD27F1856D01700BE80B5 /* SampleAppTests */,
				682CD2591856D01600BE80B5 /* Frameworks */,
				682CD2581856D01600BE80B5 /* Products */,
			);
			sourceTree = "<group>";
		};
		682CD2581856D01600BE80B5 /* Products */ = {
			isa = PBXGroup;
			children = (
				682CD2571856D01600BE80B5 /* SampleApp.app */,
				682CD2781856D01700BE80B5 /* SampleAppTests.xctest */,
			);
			name = Products;
			sourceTree = "<group>";
		};
		682CD2591856D01600BE80B5 /* Frameworks */ = {
			isa = PBXGroup;
			children = (
				682CD25A1856D01600BE80B5 /* Foundation.framework */,
				682CD25C1856D01600BE80B5 /* CoreGraphics.framework */,
				682CD25E1856D01600BE80B5 /* UIKit.framework */,
				682CD2791856D01700BE80B5 /* XCTest.framework */,
			);
			name = Frameworks;
			sourceTree = "<group>";
		};
		682CD2601856D01600BE80B5 /* SampleApp */ = {
			isa = PBXGroup;
			children = (
				682CD2691856D01600BE80B5 /* AppDelegate.h */,
				682CD26A1856D01600BE80B5 /* AppDelegate.m */,
				682CD26C1856D01600BE80B5 /* Main.storyboard */,
				682CD26F1856D01600BE80B5 /* ViewController.h */,
				682CD2701856D01600BE80B5 /* ViewController.m */,
				682CD2721856D01600BE80B5 /* Images.xcassets */,
				682CD2611856D01600BE80B5 /* Supporting Files */,
			);
			path = SampleApp;
			sourceTree = "<group>";
		};
		682CD2611856D01600BE80B5 /* Supporting Files */ = {
			isa = PBXGroup;
			children = (
				682CD2621856D01600BE80B5 /* SampleApp-Info.plist */,
				682CD2631856D01600BE80B5 /* InfoPlist.strings */,
				682CD2661856D01600BE80B5 /* main.m */,
				682CD2681856D01600BE80B5 /* SampleApp-Prefix.pch */,
			);
			name = "Supporting Files";
			sourceTree = "<group>";
		};
		682CD27F1856D01700BE80B5 /* SampleAppTests */ = {
			isa = PBXGroup;
			children = (
				682CD2851856D01700BE80B5 /* SampleAppTests.m */,
				682CD2801856D01700BE80B5 /* Supporting Files */,
			);
			path = SampleAppTests;
			sourceTree = "<group>";
		};
		682CD2801856D01700BE80B5 /* Supporting Files */ = {
			isa = PBXGroup;
			children = (
				682CD2811856D01700BE80B5 /* SampleAppTests-Info.plist */,
				682CD2821856D01700BE80B5 /* InfoPlist.strings */,
			);
			name = "Supporting Files";
			sourceTree = "<group>";
		};
/* End PBXGroup section */

/* Begin PBXNativeTarget section */
		682CD2561856D01600BE80B5 /* SampleApp */ = {
			isa = PBXNativeTarget;
			buildConfigurationList = 682CD2891856D01700BE80B5 /* Build configuration list for PBXNativeTarget "SampleApp" */;
			buildPhases = (
				682CD2531856D01600BE80B5 /* Sources */,
				682CD2541856D01600BE80B5 /* Frameworks */,
				682CD2551856D01600BE80B5 /* Resources */,
			);
			buildRules = (
			);
			dependencies = (
			);
			name = SampleApp;
			productName = SampleApp;
			productReference = 682CD2571856D01600BE80B5 /* SampleApp.app */;
			productType = "com.apple.product-type.application";
		};
		682CD2771856D01700BE80B5 /* SampleAppTests */ = {
			isa = PBXNativeTarget;
			buildConfigurationList = 682CD28C1856D01700BE80B5 /* Build configuration list for PBXNativeTarget "SampleAppTests" */;
			buildPhases = (
				682CD2741856D01700BE80B5 /* Sources */,
				682CD2751856D01700BE80B5 /* Frameworks */,
				682CD2761856D01700BE80B5 /* Resources */,
			);
			buildRules = (
			);
			dependencies = (
				682CD27E1856D01700BE80B5 /* PBXTargetDependency */,
			);
			name = SampleAppTests;
			productName = SampleAppTests;
			productReference = 682CD2781856D01700BE80B5 /* SampleAppTests.xctest */;
			productType = "com.apple.product-type.bundle.unit-test";
		};
/* End PBXNativeTarget section */

/* Begin PBXProject section */
		682CD24F1856D01600BE80B5 /* Project object */ = {
			isa = PBXProject;
			attributes = {
				LastUpgradeCheck = 0500;
				ORGANIZATIONNAME = "Rapid Value IT Solutions";
				TargetAttributes = {
					682CD2771856D01700BE80B5 = {
						TestTargetID = 682CD2561856D01600BE80B5;
					};
				};
			};
			buildConfigurationList = 682CD2521856D01600BE80B5 /* Build configuration list for PBXProject "SampleApp" */;
			compatibilityVersion = "Xcode 3.2";
			developmentRegion = English;
			hasScannedForEncodings = 0;
			knownRegions = (
				en,
				Base,
			);
			mainGroup = 682CD24E1856D01600BE80B5;
			productRefGroup = 682CD2581856D01600BE80B5 /* Products */;
			projectDirPath = "";
			projectRoot = "";
			targets = (
				682CD2561856D01600BE80B5 /* SampleApp */,
				682CD2771856D01700BE80B5 /* SampleAppTests */,
			);
		};
/* End PBXProject section */

/* Begin PBXResourcesBuildPhase section */
		682CD2551856D01600BE80B5 /* Resources */ = {
			isa = PBXResourcesBuildPhase;
			buildActionMask = 2147483647;
			files = (
				682CD2731856D01600BE80B5 /* Images.xcassets in Resources */,
				682CD2651856D01600BE80B5 /* InfoPlist.strings in Resources */,
				682CD26E1856D01600BE80B5 /* Main.storyboard in Resources */,
			);
			runOnlyForDeploymentPostprocessing = 0;
		};
		682CD2761856D01700BE80B5 /* Resources */ = {
			isa = PBXResourcesBuildPhase;
			buildActionMask = 2147483647;
			files = (
				682CD2841856D01700BE80B5 /* InfoPlist.strings in Resources */,
			);
			runOnlyForDeploymentPostprocessing = 0;
		};
/* End PBXResourcesBuildPhase section */

/* Begin PBXSourcesBuildPhase section */
		682CD2531856D01600BE80B5 /* Sources */ = {
			isa = PBXSourcesBuildPhase;
			buildActionMask = 2147483647;
			files = (
				682CD2711856D01600BE80B5 /* ViewController.m in Sources */,
				682CD26B1856D01600BE80B5 /* AppDelegate.m in Sources */,
				682CD2671856D01600BE80B5 /* main.m in Sources */,
			);
			runOnlyForDeploymentPostprocessing = 0;
		};
		682CD2741856D01700BE80B5 /* Sources */ = {
			isa = PBXSourcesBuildPhase;
			buildActionMask = 2147483647;
			files = (
				682CD2861856D01700BE80B5 /* SampleAppTests.m in Sources */,
			);
			runOnlyForDeploymentPostprocessing = 0;
		};
/* End PBXSourcesBuildPhase section */

/* Begin PBXTargetDependency section */
		682CD27E1856D01700BE80B5 /* PBXTargetDependency */ = {
			isa = PBXTargetDependency;
			target = 682CD2561856D01600BE80B5 /* SampleApp */;
			targetProxy = 682CD27D1856D01700BE80B5 /* PBXContainerItemProxy */;
		};
/* End PBXTargetDependency section */

/* Begin PBXVariantGroup section */
		682CD2631856D01600BE80B5 /* InfoPlist.strings */ = {
			isa = PBXVariantGroup;
			children = (
				682CD2641856D01600BE80B5 /* en */,
			);
			name = InfoPlist.strings;
			sourceTree = "<group>";
		};
		682CD26C1856D01600BE80B5 /* Main.storyboard */ = {
			isa = PBXVariantGroup;
			children = (
				682CD26D1856D01600BE80B5 /* Base */,
			);
			name = Main.storyboard;
			sourceTree = "<group>";
		};
		682CD2821856D01700BE80B5 /* InfoPlist.strings */ = {
			isa = PBXVariantGroup;
			children = (
				682CD2831856D01700BE80B5 /* en */,
			);
			name = InfoPlist.strings;
			sourceTree = "<group>";
		};
/* End PBXVariantGroup section */

/* Begin XCBuildConfiguration section */
		682CD2871856D01700BE80B5 /* Debug */ = {
			isa = XCBuildConfiguration;
			buildSettings = {
				ALWAYS_SEARCH_USER_PATHS = NO;
				ARCHS = "$(ARCHS_STANDARD_INCLUDING_64_BIT)";
				CLANG_CXX_LANGUAGE_STANDARD = "gnu++0x";
				CLANG_CXX_LIBRARY = "libc++";
				CLANG_ENABLE_MODULES = YES;
				CLANG_ENABLE_OBJC_ARC = YES;
				CLANG_WARN_BOOL_CONVERSION = YES;
				CLANG_WARN_CONSTANT_CONVERSION = YES;
				CLANG_WARN_DIRECT_OBJC_ISA_USAGE = YES_ERROR;
				CLANG_WARN_EMPTY_BODY = YES;
				CLANG_WARN_ENUM_CONVERSION = YES;
				CLANG_WARN_INT_CONVERSION = YES;
				CLANG_WARN_OBJC_ROOT_CLASS = YES_ERROR;
				CLANG_WARN__DUPLICATE_METHOD_MATCH = YES;
				"CODE_SIGN_IDENTITY[sdk=iphoneos*]" = "iPhone Developer";
				COPY_PHASE_STRIP = NO;
				GCC_C_LANGUAGE_STANDARD = gnu99;
				GCC_DYNAMIC_NO_PIC = NO;
				GCC_OPTIMIZATION_LEVEL = 0;
				GCC_PREPROCESSOR_DEFINITIONS = (
					"DEBUG=1",
					"$(inherited)",
				);
				GCC_SYMBOLS_PRIVATE_EXTERN = NO;
				GCC_WARN_64_TO_32_BIT_CONVERSION = YES;
				GCC_WARN_ABOUT_RETURN_TYPE = YES_ERROR;
				GCC_WARN_UNDECLARED_SELECTOR = YES;
				GCC_WARN_UNINITIALIZED_AUTOS = YES;
				GCC_WARN_UNUSED_FUNCTION = YES;
				GCC_WARN_UNUSED_VARIABLE = YES;
				IPHONEOS_DEPLOYMENT_TARGET = 7.0;
				ONLY_ACTIVE_ARCH = YES;
				SDKROOT = iphoneos;
			};
			name = Debug;
		};
		682CD2881856D01700BE80B5 /* Release */ = {
			isa = XCBuildConfiguration;
			buildSettings = {
				ALWAYS_SEARCH_USER_PATHS = NO;
				ARCHS = "$(ARCHS_STANDARD_INCLUDING_64_BIT)";
				CLANG_CXX_LANGUAGE_STANDARD = "gnu++0x";
				CLANG_CXX_LIBRARY = "libc++";
				CLANG_ENABLE_MODULES = YES;
				CLANG_ENABLE_OBJC_ARC = YES;
				CLANG_WARN_BOOL_CONVERSION = YES;
				CLANG_WARN_CONSTANT_CONVERSION = YES;
				CLANG_WARN_DIRECT_OBJC_ISA_USAGE = YES_ERROR;
				CLANG_WARN_EMPTY_BODY = YES;
				CLANG_WARN_ENUM_CONVERSION = YES;
				CLANG_WARN_INT_CONVERSION = YES;
				CLANG_WARN_OBJC_ROOT_CLASS = YES_ERROR;
				CLANG_WARN__DUPLICATE_METHOD_MATCH = YES;
				"CODE_SIGN_IDENTITY[sdk=iphoneos*]" = "iPhone Developer";
				COPY_PHASE_STRIP = YES;
				ENABLE_NS_ASSERTIONS = NO;
				GCC_C_LANGUAGE_STANDARD = gnu99;
				GCC_WARN_64_TO_32_BIT_CONVERSION = YES;
				GCC_WARN_ABOUT_RETURN_TYPE = YES_ERROR;
				GCC_WARN_UNDECLARED_SELECTOR = YES;
				GCC_WARN_UNINITIALIZED_AUTOS = YES;
				GCC_WARN_UNUSED_FUNCTION = YES;
				GCC_WARN_UNUSED_VARIABLE = YES;
				IPHONEOS_DEPLOYMENT_TARGET = 7.0;
				SDKROOT = iphoneos;
				VALIDATE_PRODUCT = YES;
			};
			name = Release;
		};
		682CD28A1856D01700BE80B5 /* Debug */ = {
			isa = XCBuildConfiguration;
			buildSettings = {
				ASSETCATALOG_COMPILER_APPICON_NAME = AppIcon;
				ASSETCATALOG_COMPILER_LAUNCHIMAGE_NAME = LaunchImage;
				GCC_PRECOMPILE_PREFIX_HEADER = YES;
				GCC_PREFIX_HEADER = "SampleApp/SampleApp-Prefix.pch";
				INFOPLIST_FILE = "SampleApp/SampleApp-Info.plist";
				PRODUCT_NAME = "$(TARGET_NAME)";
				WRAPPER_EXTENSION = app;
			};
			name = Debug;
		};
		682CD28B1856D01700BE80B5 /* Release */ = {
			isa = XCBuildConfiguration;
			buildSettings = {
				ASSETCATALOG_COMPILER_APPICON_NAME = AppIcon;
				ASSETCATALOG_COMPILER_LAUNCHIMAGE_NAME = LaunchImage;
				GCC_PRECOMPILE_PREFIX_HEADER = YES;
				GCC_PREFIX_HEADER = "SampleApp/SampleApp-Prefix.pch";
				INFOPLIST_FILE = "SampleApp/SampleApp-Info.plist";
				PRODUCT_NAME = "$(TARGET_NAME)";
				WRAPPER_EXTENSION = app;
			};
			name = Release;
		};
		682CD28D1856D01700BE80B5 /* Debug */ = {
			isa = XCBuildConfiguration;
			buildSettings = {
				ARCHS = "$(ARCHS_STANDARD_INCLUDING_64_BIT)";
				BUNDLE_LOADER = "$(BUILT_PRODUCTS_DIR)/SampleApp.app/SampleApp";
				FRAMEWORK_SEARCH_PATHS = (
					"$(SDKROOT)/Developer/Library/Frameworks",
					"$(inherited)",
					"$(DEVELOPER_FRAMEWORKS_DIR)",
				);
				GCC_PRECOMPILE_PREFIX_HEADER = YES;
				GCC_PREFIX_HEADER = "SampleApp/SampleApp-Prefix.pch";
				GCC_PREPROCESSOR_DEFINITIONS = (
					"DEBUG=1",
					"$(inherited)",
				);
				INFOPLIST_FILE = "SampleAppTests/SampleAppTests-Info.plist";
				PRODUCT_NAME = "$(TARGET_NAME)";
				TEST_HOST = "$(BUNDLE_LOADER)";
				WRAPPER_EXTENSION = xctest;
			};
			name = Debug;
		};
		682CD28E1856D01700BE80B5 /* Release */ = {
			isa = XCBuildConfiguration;
			buildSettings = {
				ARCHS = "$(ARCHS_STANDARD_INCLUDING_64_BIT)";
				BUNDLE_LOADER = "$(BUILT_PRODUCTS_DIR)/SampleApp.app/SampleApp";
				FRAMEWORK_SEARCH_PATHS = (
					"$(SDKROOT)/Developer/Library/Frameworks",
					"$(inherited)",
					"$(DEVELOPER_FRAMEWORKS_DIR)",
				);
				GCC_PRECOMPILE_PREFIX_HEADER = YES;
				GCC_PREFIX_HEADER = "SampleApp/SampleApp-Prefix.pch";
				INFOPLIST_FILE = "SampleAppTests/SampleAppTests-Info.plist";
				PRODUCT_NAME = "$(TARGET_NAME)";
				TEST_HOST = "$(BUNDLE_LOADER)";
				WRAPPER_EXTENSION = xctest;
			};
			name = Release;
		};
/* End XCBuildConfiguration section */

/* Begin XCConfigurationList section */
		682CD2521856D01600BE80B5 /* Build configuration list for PBXProject "SampleApp" */ = {
			isa = XCConfigurationList;
			buildConfigurations = (
				682CD2871856D01700BE80B5 /* Debug */,
				682CD2881856D01700BE80B5 /* Release */,
			);
			defaultConfigurationIsVisible = 0;
			defaultConfigurationName = Release;
		};
		682CD2891856D01700BE80B5 /* Build configuration list for PBXNativeTarget "SampleApp" */ = {
			isa = XCConfigurationList;
			buildConfigurations = (
				682CD28A1856D01700BE80B5 /* Debug */,
				682CD28B1856D01700BE80B5 /* Release */,
			);
			defaultConfigurationIsVisible = 0;
		};
		682CD28C1856D01700BE80B5 /* Build configuration list for PBXNativeTarget "SampleAppTests" */ = {
			isa = XCConfigurationList;
			buildConfigurations = (
				682CD28D1856D01700BE80B5 /* Debug */,
				682CD28E1856D01700BE80B5 /* Release */,
			);
			defaultConfigurationIsVisible = 0;
		};
/* End XCConfigurationList section */
	};
	rootObject = 682CD24F1856D01600BE80B5 /* Project object */;
}
